
Microsoft Visual Studio Solution File, Format Version 11.00
# Visual Studio 2010
Project("{FAE04EC0-301F-11D3-BF4B-00C04F79EFBC}") = "ProgramBody", "ProgramBody\ProgramBody.csproj", "{D930A97B-CED0-4869-9162-68037DDE60E1}"
EndProject
Project("{FAE04EC0-301F-11D3-BF4B-00C04F79EFBC}") = "RandomCharGeneratorTest", "RandomCharGeneratorTest\RandomCharGeneratorTest.csproj", "{06DA9504-3C4F-441F-ABCD-7BB29215DF75}"
EndProject
Project("{2150E333-8FDC-42A3-9474-1A3956D46DE8}") = "Solution Items", "Solution Items", "{AC7DDA42-2A05-4497-89C4-1C4732F7E045}"
	ProjectSection(SolutionItems) = preProject
		Local.testsettings = Local.testsettings
		ProgramBody.vsmdi = ProgramBody.vsmdi
		TraceAndTestImpact.testsettings = TraceAndTestImpact.testsettings
	EndProjectSection
EndProject
Project("{FAE04EC0-301F-11D3-BF4B-00C04F79EFBC}") = "ProgramBodyTest", "ProgramBodyTest\ProgramBodyTest.csproj", "{52DEE289-38B4-48CC-9571-AC38B8EF4094}"
EndProject
Global
	GlobalSection(SolutionConfigurationPlatforms) = preSolution
		Debug|Any CPU = Debug|Any CPU
		Debug|Mixed Platforms = Debug|Mixed Platforms
		Debug|x86 = Debug|x86
		Release|Any CPU = Release|Any CPU
		Release|Mixed Platforms = Release|Mixed Platforms
		Release|x86 = Release|x86
	EndGlobalSection
	GlobalSection(ProjectConfigurationPlatforms) = postSolution
		{06DA9504-3C4F-441F-ABCD-7BB29215DF75}.Debug|Any CPU.ActiveCfg = Debug|Any CPU
		{06DA9504-3C4F-441F-ABCD-7BB29215DF75}.Debug|Any CPU.Build.0 = Debug|Any CPU
		{06DA9504-3C4F-441F-ABCD-7BB29215DF75}.Debug|Mixed Platforms.ActiveCfg = Debug|Any CPU
		{06DA9504-3C4F-441F-ABCD-7BB29215DF75}.Debug|Mixed Platforms.Build.0 = Debug|Any CPU
		{06DA9504-3C4F-441F-ABCD-7BB29215DF75}.Debug|x86.ActiveCfg = Debug|Any CPU
		{06DA9504-3C4F-441F-ABCD-7BB29215DF75}.Release|Any CPU.ActiveCfg = Release|Any CPU
		{06DA9504-3C4F-441F-ABCD-7BB29215DF75}.Release|Any CPU.Build.0 = Release|Any CPU
		{06DA9504-3C4F-441F-ABCD-7BB29215DF75}.Release|Mixed Platforms.ActiveCfg = Release|Any CPU
		{06DA9504-3C4F-441F-ABCD-7BB29215DF75}.Release|Mixed Platforms.Build.0 = Release|Any CPU
		{06DA9504-3C4F-441F-ABCD-7BB29215DF75}.Release|x86.ActiveCfg = Release|Any CPU
		{52DEE289-38B4-48CC-9571-AC38B8EF4094}.Debug|Any CPU.ActiveCfg = Debug|Any CPU
		{52DEE289-38B4-48CC-9571-AC38B8EF4094}.Debug|Any CPU.Build.0 = Debug|Any CPU
		{52DEE289-38B4-48CC-9571-AC38B8EF4094}.Debug|Mixed Platforms.ActiveCfg = Debug|Any CPU
		{52DEE289-38B4-48CC-9571-AC38B8EF4094}.Debug|Mixed Platforms.Build.0 = Debug|Any CPU
		{52DEE289-38B4-48CC-9571-AC38B8EF4094}.Debug|x86.ActiveCfg = Debug|Any CPU
		{52DEE289-38B4-48CC-9571-AC38B8EF4094}.Debug|x86.Build.0 = Debug|Any CPU
		{52DEE289-38B4-48CC-9571-AC38B8EF4094}.Release|Any CPU.ActiveCfg = Release|Any CPU
		{52DEE289-38B4-48CC-9571-AC38B8EF4094}.Release|Any CPU.Build.0 = Release|Any CPU
		{52DEE289-38B4-48CC-9571-AC38B8EF4094}.Release|Mixed Platforms.ActiveCfg = Release|Any CPU
		{52DEE289-38B4-48CC-9571-AC38B8EF4094}.Release|Mixed Platforms.Build.0 = Release|Any CPU
		{52DEE289-38B4-48CC-9571-AC38B8EF4094}.Release|x86.ActiveCfg = Release|Any CPU
		{52DEE289-38B4-48CC-9571-AC38B8EF4094}.Release|x86.Build.0 = Release|Any CPU
		{D930A97B-CED0-4869-9162-68037DDE60E1}.Debug|Any CPU.ActiveCfg = Debug|x86
		{D930A97B-CED0-4869-9162-68037DDE60E1}.Debug|Mixed Platforms.ActiveCfg = Debug|x86
		{D930A97B-CED0-4869-9162-68037DDE60E1}.Debug|Mixed Platforms.Build.0 = Debug|x86
		{D930A97B-CED0-4869-9162-68037DDE60E1}.Debug|x86.ActiveCfg = Debug|x86
		{D930A97B-CED0-4869-9162-68037DDE60E1}.Debug|x86.Build.0 = Debug|x86
		{D930A97B-CED0-4869-9162-68037DDE60E1}.Release|Any CPU.ActiveCfg = Release|x86
		{D930A97B-CED0-4869-9162-68037DDE60E1}.Release|Mixed Platforms.ActiveCfg = Release|x86
		{D930A97B-CED0-4869-9162-68037DDE60E1}.Release|Mixed Platforms.Build.0 = Release|x86
		{D930A97B-CED0-4869-9162-68037DDE60E1}.Release|x86.ActiveCfg = Release|x86
		{D930A97B-CED0-4869-9162-68037DDE60E1}.Release|x86.Build.0 = Release|x86
	EndGlobalSection
	GlobalSection(NestedProjects) = preSolution
	EndGlobalSection
	GlobalSection(MonoDevelopProperties) = preSolution
		StartupItem = ProgramBody\ProgramBody.csproj
	EndGlobalSection
	GlobalSection(TestCaseManagementSettings) = postSolution
		CategoryFile = ProgramBody.vsmdi
	EndGlobalSection
	GlobalSection(SolutionProperties) = preSolution
		HideSolutionNode = FALSE
	EndGlobalSection
EndGlobal
